
Microsoft Visual Studio Solution File, Format Version 12.00
# Visual Studio Version 16
VisualStudioVersion = 16.0.31829.152
MinimumVisualStudioVersion = 10.0.40219.1
Project("{FAE04EC0-301F-11D3-BF4B-00C04F79EFBC}") = "WndDB", "12.29.Carsamba.WF\WndDB.csproj", "{1D0F90FB-F334-4F96-B65A-0BD57A76D7B9}"
EndProject
Global
	GlobalSection(SolutionConfigurationPlatforms) = preSolution
		Debug|Any CPU = Debug|Any CPU
		Release|Any CPU = Release|Any CPU
	EndGlobalSection
	GlobalSection(ProjectConfigurationPlatforms) = postSolution
		{1D0F90FB-F334-4F96-B65A-0BD57A76D7B9}.Debug|Any CPU.ActiveCfg = Debug|Any CPU
		{1D0F90FB-F334-4F96-B65A-0BD57A76D7B9}.Debug|Any CPU.Build.0 = Debug|Any CPU
		{1D0F90FB-F334-4F96-B65A-0BD57A76D7B9}.Release|Any CPU.ActiveCfg = Release|Any CPU
		{1D0F90FB-F334-4F96-B65A-0BD57A76D7B9}.Release|Any CPU.Build.0 = Release|Any CPU
	EndGlobalSection
	GlobalSection(SolutionProperties) = preSolution
		HideSolutionNode = FALSE
	EndGlobalSection
	GlobalSection(ExtensibilityGlobals) = postSolution
		SolutionGuid = {93F86971-9D0C-4087-B78D-44AE65319718}
	EndGlobalSection
EndGlobal
